Microsoft Visual Studio Solution File, Format Version 12.00
# Visual Studio Version 17
VisualStudioVersion = 17.8.34322.80
MinimumVisualStudioVersion = 10.0.40219.1
Project("{2150E333-8FDC-42A3-9474-1A3956D46DE8}") = "Basket", "Basket", "{D817A8CD-F0D7-4AF7-972B-9ECC97542BE0}"
EndProject
Project("{2150E333-8FDC-42A3-9474-1A3956D46DE8}") = "1 - Api", "1 - Api", "{170F334B-C9D8-40DA-9F58-6E3C9F722250}"
EndProject
Project("{9A19103F-16F7-4668-BE54-9A1E7A4F7556}") = "eShop.Basket.Api", "eShop.Basket.Api\eShop.Basket.Api.csproj", "{4EC88C9F-61C9-4AC6-8915-84AAD3A402D3}"
EndProject
Project("{2150E333-8FDC-42A3-9474-1A3956D46DE8}") = "2 - Application", "2 - Application", "{51DC5750-9AF4-425C-BBFF-7C07CD5D7A3C}"
EndProject
Project("{9A19103F-16F7-4668-BE54-9A1E7A4F7556}") = "eShop.Basket.Application", "eShop.Basket.Application\eShop.Basket.Application.csproj", "{ADF849F6-2E28-4C8F-8E84-E8A2E031951F}"
EndProject
Project("{2150E333-8FDC-42A3-9474-1A3956D46DE8}") = "3 - Domain", "3 - Domain", "{30BDACAA-48AC-4533-AE5F-F745BCCCE3EB}"
EndProject
Project("{9A19103F-16F7-4668-BE54-9A1E7A4F7556}") = "eShop.Basket.Domain", "eShop.Basket.Domain\eShop.Basket.Domain.csproj", "{2852DB3C-B54F-44B0-897B-29FA467A835A}"
EndProject
Project("{2150E333-8FDC-42A3-9474-1A3956D46DE8}") = "4 - Infrastructure", "4 - Infrastructure", "{18913EB8-F0E3-4C0F-9204-97BB1652F789}"
EndProject
Project("{9A19103F-16F7-4668-BE54-9A1E7A4F7556}") = "eShop.Basket.Infrastructure", "eShop.Basket.Infrastructure\eShop.Basket.Infrastructure.csproj", "{7A89088A-1DEF-4BAF-9D7E-6D4A66EFDE5E}"
EndProject
Project("{2150E333-8FDC-42A3-9474-1A3956D46DE8}") = "Catalog", "Catalog", "{E5578153-3C1A-4C48-8ED4-70CD007C09D1}"
EndProject
Project("{2150E333-8FDC-42A3-9474-1A3956D46DE8}") = "1 - Api", "1 - Api", "{2CEE6CF8-8D16-4364-A0E3-AD5AEBD9F2C2}"
EndProject
Project("{9A19103F-16F7-4668-BE54-9A1E7A4F7556}") = "eShop.Catalog.Api", "eShop.Catalog.Api\eShop.Catalog.Api.csproj", "{5EDBA3D9-438F-46A6-A207-829BEF0F02C5}"
EndProject
Project("{2150E333-8FDC-42A3-9474-1A3956D46DE8}") = "2 - Application", "2 - Application", "{6E310D64-0D71-4442-96C9-4ED65F749597}"
EndProject
Project("{9A19103F-16F7-4668-BE54-9A1E7A4F7556}") = "eShop.Catalog.Application", "eShop.Catalog.Application\eShop.Catalog.Application.csproj", "{CFEC1FBF-1F87-411F-AF12-D06DF710017F}"
EndProject
Project("{2150E333-8FDC-42A3-9474-1A3956D46DE8}") = "3 - Domain", "3 - Domain", "{7E3E1A4E-D902-4FD6-8EC0-D05605BC8E62}"
EndProject
Project("{9A19103F-16F7-4668-BE54-9A1E7A4F7556}") = "eShop.Catalog.Domain", "eShop.Catalog.Domain\eShop.Catalog.Domain.csproj", "{D21AB960-C94C-4510-8BA6-65FC4217D3EC}"
EndProject
Project("{2150E333-8FDC-42A3-9474-1A3956D46DE8}") = "4 - Infrastructure", "4 - Infrastructure", "{E5608AB2-AB2B-4595-B271-DCF222A18D7F}"
EndProject
Project("{9A19103F-16F7-4668-BE54-9A1E7A4F7556}") = "eShop.Catalog.Infrastructure", "eShop.Catalog.Infrastructure\eShop.Catalog.Infrastructure.csproj", "{63F39193-18E9-425B-A82A-97DD4119CCA1}"
EndProject
Project("{2150E333-8FDC-42A3-9474-1A3956D46DE8}") = "Identity", "Identity", "{E6933FF9-8CAD-46EC-9E7E-E23833B2DD04}"
EndProject
Project("{2150E333-8FDC-42A3-9474-1A3956D46DE8}") = "1 - Api", "1 - Api", "{9475A0E1-9D93-408D-B19C-6E07AE58D937}"
EndProject
Project("{9A19103F-16F7-4668-BE54-9A1E7A4F7556}") = "eShop.Identity.Api", "eShop.Identity.Api\eShop.Identity.Api.csproj", "{6111FF3D-11A6-4753-8AF3-8F100E077774}"
EndProject
Project("{2150E333-8FDC-42A3-9474-1A3956D46DE8}") = "2 - Application", "2 - Application", "{F42092D3-399C-4D52-BF42-031562770F33}"
EndProject
Project("{9A19103F-16F7-4668-BE54-9A1E7A4F7556}") = "eShop.Identity.Application", "eShop.Identity.Application\eShop.Identity.Application.csproj", "{5E5E515E-CB67-4787-93B7-9A88A463AE41}"
EndProject
Project("{2150E333-8FDC-42A3-9474-1A3956D46DE8}") = "3 - Domain", "3 - Domain", "{BF26F38C-1F03-4043-8459-D22710ABA3E9}"
EndProject
Project("{9A19103F-16F7-4668-BE54-9A1E7A4F7556}") = "eShop.Identity.Domain", "eShop.Identity.Domain\eShop.Identity.Domain.csproj", "{0F9B6FBE-F14E-4D41-B573-0FABCF1C9334}"
EndProject
Project("{2150E333-8FDC-42A3-9474-1A3956D46DE8}") = "4 - Infrastructure", "4 - Infrastructure", "{05F1D074-545C-4A52-98EA-45FAF16B0C28}"
EndProject
Project("{9A19103F-16F7-4668-BE54-9A1E7A4F7556}") = "eShop.Identity.Infrastructure", "eShop.Identity.Infrastructure\eShop.Identity.Infrastructure.csproj", "{4DADAA46-430D-4B38-BA9A-8BBD37E4788A}"
EndProject
Project("{2150E333-8FDC-42A3-9474-1A3956D46DE8}") = "Ordering", "Ordering", "{906CF539-4F1F-4703-9EA1-BD383F5181BF}"
EndProject
Project("{2150E333-8FDC-42A3-9474-1A3956D46DE8}") = "1 - Api", "1 - Api", "{F55B8B2B-3441-456C-A112-CE09F0B67D16}"
EndProject
Project("{9A19103F-16F7-4668-BE54-9A1E7A4F7556}") = "eShop.Ordering.Api", "eShop.Ordering.Api\eShop.Ordering.Api.csproj", "{343420EF-9968-403C-8D7C-CA4E95D2A857}"
EndProject
Project("{2150E333-8FDC-42A3-9474-1A3956D46DE8}") = "2 - Application", "2 - Application", "{729802DA-167B-4F4C-A4CA-510D47F9DB1E}"
EndProject
Project("{9A19103F-16F7-4668-BE54-9A1E7A4F7556}") = "eShop.Ordering.Application", "eShop.Ordering.Application\eShop.Ordering.Application.csproj", "{EE75CDE6-EC54-4DA0-9C8E-0F30F503590B}"
EndProject
Project("{2150E333-8FDC-42A3-9474-1A3956D46DE8}") = "3 - Domain", "3 - Domain", "{551ABE36-1610-4356-876A-53022579F344}"
EndProject
Project("{9A19103F-16F7-4668-BE54-9A1E7A4F7556}") = "eShop.Ordering.Domain", "eShop.Ordering.Domain\eShop.Ordering.Domain.csproj", "{C68C3452-9FAF-428C-8EFC-05468D14C7FB}"
EndProject
Project("{2150E333-8FDC-42A3-9474-1A3956D46DE8}") = "4 - Infrastructure", "4 - Infrastructure", "{53BD0782-D352-49C2-BCED-82D81CDA0240}"
EndProject
Project("{9A19103F-16F7-4668-BE54-9A1E7A4F7556}") = "eShop.Ordering.Infrastructure", "eShop.Ordering.Infrastructure\eShop.Ordering.Infrastructure.csproj", "{F28D7D0D-6BD5-48E5-B6BE-FDA071E0F56A}"
EndProject
Project("{2150E333-8FDC-42A3-9474-1A3956D46DE8}") = "Web", "Web", "{257FF7E8-0A77-48CC-9C84-AFED5ACB1D55}"
EndProject
Project("{9A19103F-16F7-4668-BE54-9A1E7A4F7556}") = "eShop.Web", "eShop.Web\eShop.Web.csproj", "{AE40A885-FDD6-493B-BF3B-1E6DCE686888}"
EndProject
Project("{9A19103F-16F7-4668-BE54-9A1E7A4F7556}") = "eShop.Web.Client", "eShop.Web.Client\eShop.Web.Client.csproj", "{C22615E1-65F9-4AD0-B557-2A53BD3DB71C}"
EndProject
Project("{2150E333-8FDC-42A3-9474-1A3956D46DE8}") = "Solution Items", "Solution Items", "{8EC462FD-D22E-90A8-E5CE-7E832BA40C5D}"
	ProjectSection(SolutionItems) = preProject
		..\README.md = ..\README.md
	EndProjectSection
EndProject
Project("{FAE04EC0-301F-11D3-BF4B-00C04F79EFBC}") = "eShop.AppHost", "eShop.AppHost\eShop.AppHost.csproj", "{6E00FBF4-E162-4770-958B-5A93F8C3A423}"
EndProject
Project("{FAE04EC0-301F-11D3-BF4B-00C04F79EFBC}") = "eShop.AppHost.ServiceDefaults", "eShop.AppHost.ServiceDefaults\eShop.AppHost.ServiceDefaults.csproj", "{43CEF4D1-22D0-42E2-9620-478ABF0049CF}"
EndProject
Global
	GlobalSection(SolutionConfigurationPlatforms) = preSolution
		Debug|Any CPU = Debug|Any CPU
		Release|Any CPU = Release|Any CPU
	EndGlobalSection
	GlobalSection(ProjectConfigurationPlatforms) = postSolution
		{4EC88C9F-61C9-4AC6-8915-84AAD3A402D3}.Debug|Any CPU.ActiveCfg = Debug|Any CPU
		{4EC88C9F-61C9-4AC6-8915-84AAD3A402D3}.Debug|Any CPU.Build.0 = Debug|Any CPU
		{4EC88C9F-61C9-4AC6-8915-84AAD3A402D3}.Release|Any CPU.ActiveCfg = Release|Any CPU
		{4EC88C9F-61C9-4AC6-8915-84AAD3A402D3}.Release|Any CPU.Build.0 = Release|Any CPU
		{ADF849F6-2E28-4C8F-8E84-E8A2E031951F}.Debug|Any CPU.ActiveCfg = Debug|Any CPU
		{ADF849F6-2E28-4C8F-8E84-E8A2E031951F}.Debug|Any CPU.Build.0 = Debug|Any CPU
		{ADF849F6-2E28-4C8F-8E84-E8A2E031951F}.Release|Any CPU.ActiveCfg = Release|Any CPU
		{ADF849F6-2E28-4C8F-8E84-E8A2E031951F}.Release|Any CPU.Build.0 = Release|Any CPU
		{2852DB3C-B54F-44B0-897B-29FA467A835A}.Debug|Any CPU.ActiveCfg = Debug|Any CPU
		{2852DB3C-B54F-44B0-897B-29FA467A835A}.Debug|Any CPU.Build.0 = Debug|Any CPU
		{2852DB3C-B54F-44B0-897B-29FA467A835A}.Release|Any CPU.ActiveCfg = Release|Any CPU
		{2852DB3C-B54F-44B0-897B-29FA467A835A}.Release|Any CPU.Build.0 = Release|Any CPU
		{7A89088A-1DEF-4BAF-9D7E-6D4A66EFDE5E}.Debug|Any CPU.ActiveCfg = Debug|Any CPU
		{7A89088A-1DEF-4BAF-9D7E-6D4A66EFDE5E}.Debug|Any CPU.Build.0 = Debug|Any CPU
		{7A89088A-1DEF-4BAF-9D7E-6D4A66EFDE5E}.Release|Any CPU.ActiveCfg = Release|Any CPU
		{7A89088A-1DEF-4BAF-9D7E-6D4A66EFDE5E}.Release|Any CPU.Build.0 = Release|Any CPU
		{5EDBA3D9-438F-46A6-A207-829BEF0F02C5}.Debug|Any CPU.ActiveCfg = Debug|Any CPU
		{5EDBA3D9-438F-46A6-A207-829BEF0F02C5}.Debug|Any CPU.Build.0 = Debug|Any CPU
		{5EDBA3D9-438F-46A6-A207-829BEF0F02C5}.Release|Any CPU.ActiveCfg = Release|Any CPU
		{5EDBA3D9-438F-46A6-A207-829BEF0F02C5}.Release|Any CPU.Build.0 = Release|Any CPU
		{CFEC1FBF-1F87-411F-AF12-D06DF710017F}.Debug|Any CPU.ActiveCfg = Debug|Any CPU
		{CFEC1FBF-1F87-411F-AF12-D06DF710017F}.Debug|Any CPU.Build.0 = Debug|Any CPU
		{CFEC1FBF-1F87-411F-AF12-D06DF710017F}.Release|Any CPU.ActiveCfg = Release|Any CPU
		{CFEC1FBF-1F87-411F-AF12-D06DF710017F}.Release|Any CPU.Build.0 = Release|Any CPU
		{D21AB960-C94C-4510-8BA6-65FC4217D3EC}.Debug|Any CPU.ActiveCfg = Debug|Any CPU
		{D21AB960-C94C-4510-8BA6-65FC4217D3EC}.Debug|Any CPU.Build.0 = Debug|Any CPU
		{D21AB960-C94C-4510-8BA6-65FC4217D3EC}.Release|Any CPU.ActiveCfg = Release|Any CPU
		{D21AB960-C94C-4510-8BA6-65FC4217D3EC}.Release|Any CPU.Build.0 = Release|Any CPU
		{63F39193-18E9-425B-A82A-97DD4119CCA1}.Debug|Any CPU.ActiveCfg = Debug|Any CPU
		{63F39193-18E9-425B-A82A-97DD4119CCA1}.Debug|Any CPU.Build.0 = Debug|Any CPU
		{63F39193-18E9-425B-A82A-97DD4119CCA1}.Release|Any CPU.ActiveCfg = Release|Any CPU
		{63F39193-18E9-425B-A82A-97DD4119CCA1}.Release|Any CPU.Build.0 = Release|Any CPU
		{6111FF3D-11A6-4753-8AF3-8F100E077774}.Debug|Any CPU.ActiveCfg = Debug|Any CPU
		{6111FF3D-11A6-4753-8AF3-8F100E077774}.Debug|Any CPU.Build.0 = Debug|Any CPU
		{6111FF3D-11A6-4753-8AF3-8F100E077774}.Release|Any CPU.ActiveCfg = Release|Any CPU
		{6111FF3D-11A6-4753-8AF3-8F100E077774}.Release|Any CPU.Build.0 = Release|Any CPU
		{5E5E515E-CB67-4787-93B7-9A88A463AE41}.Debug|Any CPU.ActiveCfg = Debug|Any CPU
		{5E5E515E-CB67-4787-93B7-9A88A463AE41}.Debug|Any CPU.Build.0 = Debug|Any CPU
		{5E5E515E-CB67-4787-93B7-9A88A463AE41}.Release|Any CPU.ActiveCfg = Release|Any CPU
		{5E5E515E-CB67-4787-93B7-9A88A463AE41}.Release|Any CPU.Build.0 = Release|Any CPU
		{0F9B6FBE-F14E-4D41-B573-0FABCF1C9334}.Debug|Any CPU.ActiveCfg = Debug|Any CPU
		{0F9B6FBE-F14E-4D41-B573-0FABCF1C9334}.Debug|Any CPU.Build.0 = Debug|Any CPU
		{0F9B6FBE-F14E-4D41-B573-0FABCF1C9334}.Release|Any CPU.ActiveCfg = Release|Any CPU
		{0F9B6FBE-F14E-4D41-B573-0FABCF1C9334}.Release|Any CPU.Build.0 = Release|Any CPU
		{4DADAA46-430D-4B38-BA9A-8BBD37E4788A}.Debug|Any CPU.ActiveCfg = Debug|Any CPU
		{4DADAA46-430D-4B38-BA9A-8BBD37E4788A}.Debug|Any CPU.Build.0 = Debug|Any CPU
		{4DADAA46-430D-4B38-BA9A-8BBD37E4788A}.Release|Any CPU.ActiveCfg = Release|Any CPU
		{4DADAA46-430D-4B38-BA9A-8BBD37E4788A}.Release|Any CPU.Build.0 = Release|Any CPU
		{343420EF-9968-403C-8D7C-CA4E95D2A857}.Debug|Any CPU.ActiveCfg = Debug|Any CPU
		{343420EF-9968-403C-8D7C-CA4E95D2A857}.Debug|Any CPU.Build.0 = Debug|Any CPU
		{343420EF-9968-403C-8D7C-CA4E95D2A857}.Release|Any CPU.ActiveCfg = Release|Any CPU
		{343420EF-9968-403C-8D7C-CA4E95D2A857}.Release|Any CPU.Build.0 = Release|Any CPU
		{EE75CDE6-EC54-4DA0-9C8E-0F30F503590B}.Debug|Any CPU.ActiveCfg = Debug|Any CPU
		{EE75CDE6-EC54-4DA0-9C8E-0F30F503590B}.Debug|Any CPU.Build.0 = Debug|Any CPU
		{EE75CDE6-EC54-4DA0-9C8E-0F30F503590B}.Release|Any CPU.ActiveCfg = Release|Any CPU
		{EE75CDE6-EC54-4DA0-9C8E-0F30F503590B}.Release|Any CPU.Build.0 = Release|Any CPU
		{C68C3452-9FAF-428C-8EFC-05468D14C7FB}.Debug|Any CPU.ActiveCfg = Debug|Any CPU
		{C68C3452-9FAF-428C-8EFC-05468D14C7FB}.Debug|Any CPU.Build.0 = Debug|Any CPU
		{C68C3452-9FAF-428C-8EFC-05468D14C7FB}.Release|Any CPU.ActiveCfg = Release|Any CPU
		{C68C3452-9FAF-428C-8EFC-05468D14C7FB}.Release|Any CPU.Build.0 = Release|Any CPU
		{F28D7D0D-6BD5-48E5-B6BE-FDA071E0F56A}.Debug|Any CPU.ActiveCfg = Debug|Any CPU
		{F28D7D0D-6BD5-48E5-B6BE-FDA071E0F56A}.Debug|Any CPU.Build.0 = Debug|Any CPU
		{F28D7D0D-6BD5-48E5-B6BE-FDA071E0F56A}.Release|Any CPU.ActiveCfg = Release|Any CPU
		{F28D7D0D-6BD5-48E5-B6BE-FDA071E0F56A}.Release|Any CPU.Build.0 = Release|Any CPU
		{AE40A885-FDD6-493B-BF3B-1E6DCE686888}.Debug|Any CPU.ActiveCfg = Debug|Any CPU
		{AE40A885-FDD6-493B-BF3B-1E6DCE686888}.Debug|Any CPU.Build.0 = Debug|Any CPU
		{AE40A885-FDD6-493B-BF3B-1E6DCE686888}.Release|Any CPU.ActiveCfg = Release|Any CPU
		{AE40A885-FDD6-493B-BF3B-1E6DCE686888}.Release|Any CPU.Build.0 = Release|Any CPU
		{C22615E1-65F9-4AD0-B557-2A53BD3DB71C}.Debug|Any CPU.ActiveCfg = Debug|Any CPU
		{C22615E1-65F9-4AD0-B557-2A53BD3DB71C}.Debug|Any CPU.Build.0 = Debug|Any CPU
		{C22615E1-65F9-4AD0-B557-2A53BD3DB71C}.Release|Any CPU.ActiveCfg = Release|Any CPU
		{C22615E1-65F9-4AD0-B557-2A53BD3DB71C}.Release|Any CPU.Build.0 = Release|Any CPU
		{6E00FBF4-E162-4770-958B-5A93F8C3A423}.Debug|Any CPU.ActiveCfg = Debug|Any CPU
		{6E00FBF4-E162-4770-958B-5A93F8C3A423}.Debug|Any CPU.Build.0 = Debug|Any CPU
		{6E00FBF4-E162-4770-958B-5A93F8C3A423}.Release|Any CPU.ActiveCfg = Release|Any CPU
		{6E00FBF4-E162-4770-958B-5A93F8C3A423}.Release|Any CPU.Build.0 = Release|Any CPU
		{43CEF4D1-22D0-42E2-9620-478ABF0049CF}.Debug|Any CPU.ActiveCfg = Debug|Any CPU
		{43CEF4D1-22D0-42E2-9620-478ABF0049CF}.Debug|Any CPU.Build.0 = Debug|Any CPU
		{43CEF4D1-22D0-42E2-9620-478ABF0049CF}.Release|Any CPU.ActiveCfg = Release|Any CPU
		{43CEF4D1-22D0-42E2-9620-478ABF0049CF}.Release|Any CPU.Build.0 = Release|Any CPU
	EndGlobalSection
	GlobalSection(SolutionProperties) = preSolution
		HideSolutionNode = FALSE
	EndGlobalSection
	GlobalSection(NestedProjects) = preSolution
		{170F334B-C9D8-40DA-9F58-6E3C9F722250} = {D817A8CD-F0D7-4AF7-972B-9ECC97542BE0}
		{4EC88C9F-61C9-4AC6-8915-84AAD3A402D3} = {170F334B-C9D8-40DA-9F58-6E3C9F722250}
		{51DC5750-9AF4-425C-BBFF-7C07CD5D7A3C} = {D817A8CD-F0D7-4AF7-972B-9ECC97542BE0}
		{ADF849F6-2E28-4C8F-8E84-E8A2E031951F} = {51DC5750-9AF4-425C-BBFF-7C07CD5D7A3C}
		{30BDACAA-48AC-4533-AE5F-F745BCCCE3EB} = {D817A8CD-F0D7-4AF7-972B-9ECC97542BE0}
		{2852DB3C-B54F-44B0-897B-29FA467A835A} = {30BDACAA-48AC-4533-AE5F-F745BCCCE3EB}
		{18913EB8-F0E3-4C0F-9204-97BB1652F789} = {D817A8CD-F0D7-4AF7-972B-9ECC97542BE0}
		{7A89088A-1DEF-4BAF-9D7E-6D4A66EFDE5E} = {18913EB8-F0E3-4C0F-9204-97BB1652F789}
		{2CEE6CF8-8D16-4364-A0E3-AD5AEBD9F2C2} = {E5578153-3C1A-4C48-8ED4-70CD007C09D1}
		{5EDBA3D9-438F-46A6-A207-829BEF0F02C5} = {2CEE6CF8-8D16-4364-A0E3-AD5AEBD9F2C2}
		{6E310D64-0D71-4442-96C9-4ED65F749597} = {E5578153-3C1A-4C48-8ED4-70CD007C09D1}
		{CFEC1FBF-1F87-411F-AF12-D06DF710017F} = {6E310D64-0D71-4442-96C9-4ED65F749597}
		{7E3E1A4E-D902-4FD6-8EC0-D05605BC8E62} = {E5578153-3C1A-4C48-8ED4-70CD007C09D1}
		{D21AB960-C94C-4510-8BA6-65FC4217D3EC} = {7E3E1A4E-D902-4FD6-8EC0-D05605BC8E62}
		{E5608AB2-AB2B-4595-B271-DCF222A18D7F} = {E5578153-3C1A-4C48-8ED4-70CD007C09D1}
		{63F39193-18E9-425B-A82A-97DD4119CCA1} = {E5608AB2-AB2B-4595-B271-DCF222A18D7F}
		{9475A0E1-9D93-408D-B19C-6E07AE58D937} = {E6933FF9-8CAD-46EC-9E7E-E23833B2DD04}
		{6111FF3D-11A6-4753-8AF3-8F100E077774} = {9475A0E1-9D93-408D-B19C-6E07AE58D937}
		{F42092D3-399C-4D52-BF42-031562770F33} = {E6933FF9-8CAD-46EC-9E7E-E23833B2DD04}
		{5E5E515E-CB67-4787-93B7-9A88A463AE41} = {F42092D3-399C-4D52-BF42-031562770F33}
		{BF26F38C-1F03-4043-8459-D22710ABA3E9} = {E6933FF9-8CAD-46EC-9E7E-E23833B2DD04}
		{0F9B6FBE-F14E-4D41-B573-0FABCF1C9334} = {BF26F38C-1F03-4043-8459-D22710ABA3E9}
		{05F1D074-545C-4A52-98EA-45FAF16B0C28} = {E6933FF9-8CAD-46EC-9E7E-E23833B2DD04}
		{4DADAA46-430D-4B38-BA9A-8BBD37E4788A} = {05F1D074-545C-4A52-98EA-45FAF16B0C28}
		{F55B8B2B-3441-456C-A112-CE09F0B67D16} = {906CF539-4F1F-4703-9EA1-BD383F5181BF}
		{343420EF-9968-403C-8D7C-CA4E95D2A857} = {F55B8B2B-3441-456C-A112-CE09F0B67D16}
		{729802DA-167B-4F4C-A4CA-510D47F9DB1E} = {906CF539-4F1F-4703-9EA1-BD383F5181BF}
		{EE75CDE6-EC54-4DA0-9C8E-0F30F503590B} = {729802DA-167B-4F4C-A4CA-510D47F9DB1E}
		{551ABE36-1610-4356-876A-53022579F344} = {906CF539-4F1F-4703-9EA1-BD383F5181BF}
		{C68C3452-9FAF-428C-8EFC-05468D14C7FB} = {551ABE36-1610-4356-876A-53022579F344}
		{53BD0782-D352-49C2-BCED-82D81CDA0240} = {906CF539-4F1F-4703-9EA1-BD383F5181BF}
		{F28D7D0D-6BD5-48E5-B6BE-FDA071E0F56A} = {53BD0782-D352-49C2-BCED-82D81CDA0240}
		{AE40A885-FDD6-493B-BF3B-1E6DCE686888} = {257FF7E8-0A77-48CC-9C84-AFED5ACB1D55}
		{C22615E1-65F9-4AD0-B557-2A53BD3DB71C} = {257FF7E8-0A77-48CC-9C84-AFED5ACB1D55}
	EndGlobalSection
	GlobalSection(ExtensibilityGlobals) = postSolution
		SolutionGuid = {0F686787-BD88-4CB4-8310-E15AFBC33734}
	EndGlobalSection
EndGlobal
